
Microsoft Visual Studio Solution File, Format Version 12.00
# Visual Studio Version 17
VisualStudioVersion = 17.0.31903.59
MinimumVisualStudioVersion = 10.0.40219.1
Project("{FAE04EC0-301F-11D3-BF4B-00C04F79EFBC}") = "TransactionOutboxDemo", "TransactionOutboxDemo.csproj", "{6A2C9D21-1E00-413D-9603-72789CCBE940}"
EndProject
Project("{FAE04EC0-301F-11D3-BF4B-00C04F79EFBC}") = "Contracts", "Contracts\Contracts.csproj", "{80A66398-791A-4F0C-B17B-EB658467C214}"
EndProject
Project("{FAE04EC0-301F-11D3-BF4B-00C04F79EFBC}") = "ServiceA", "ServiceA\ServiceA.csproj", "{50BE2A33-807B-4FEE-BAB9-520D72655F4A}"
EndProject
Project("{FAE04EC0-301F-11D3-BF4B-00C04F79EFBC}") = "ServiceB", "ServiceB\ServiceB.csproj", "{4FD43E4C-1C79-401F-9E67-A801EBFE230C}"
EndProject
Project("{FAE04EC0-301F-11D3-BF4B-00C04F79EFBC}") = "ServiceC", "ServiceC\ServiceC.csproj", "{18456065-7B6D-4904-B92B-F97A6AC61BAA}"
EndProject
Global
	GlobalSection(SolutionConfigurationPlatforms) = preSolution
		Debug|Any CPU = Debug|Any CPU
		Debug|x64 = Debug|x64
		Debug|x86 = Debug|x86
		Release|Any CPU = Release|Any CPU
		Release|x64 = Release|x64
		Release|x86 = Release|x86
	EndGlobalSection
	GlobalSection(ProjectConfigurationPlatforms) = postSolution
		{6A2C9D21-1E00-413D-9603-72789CCBE940}.Debug|Any CPU.ActiveCfg = Debug|Any CPU
		{6A2C9D21-1E00-413D-9603-72789CCBE940}.Debug|Any CPU.Build.0 = Debug|Any CPU
		{6A2C9D21-1E00-413D-9603-72789CCBE940}.Debug|x64.ActiveCfg = Debug|Any CPU
		{6A2C9D21-1E00-413D-9603-72789CCBE940}.Debug|x64.Build.0 = Debug|Any CPU
		{6A2C9D21-1E00-413D-9603-72789CCBE940}.Debug|x86.ActiveCfg = Debug|Any CPU
		{6A2C9D21-1E00-413D-9603-72789CCBE940}.Debug|x86.Build.0 = Debug|Any CPU
		{6A2C9D21-1E00-413D-9603-72789CCBE940}.Release|Any CPU.ActiveCfg = Release|Any CPU
		{6A2C9D21-1E00-413D-9603-72789CCBE940}.Release|Any CPU.Build.0 = Release|Any CPU
		{6A2C9D21-1E00-413D-9603-72789CCBE940}.Release|x64.ActiveCfg = Release|Any CPU
		{6A2C9D21-1E00-413D-9603-72789CCBE940}.Release|x64.Build.0 = Release|Any CPU
		{6A2C9D21-1E00-413D-9603-72789CCBE940}.Release|x86.ActiveCfg = Release|Any CPU
		{6A2C9D21-1E00-413D-9603-72789CCBE940}.Release|x86.Build.0 = Release|Any CPU
		{80A66398-791A-4F0C-B17B-EB658467C214}.Debug|Any CPU.ActiveCfg = Debug|Any CPU
		{80A66398-791A-4F0C-B17B-EB658467C214}.Debug|Any CPU.Build.0 = Debug|Any CPU
		{80A66398-791A-4F0C-B17B-EB658467C214}.Debug|x64.ActiveCfg = Debug|Any CPU
		{80A66398-791A-4F0C-B17B-EB658467C214}.Debug|x64.Build.0 = Debug|Any CPU
		{80A66398-791A-4F0C-B17B-EB658467C214}.Debug|x86.ActiveCfg = Debug|Any CPU
		{80A66398-791A-4F0C-B17B-EB658467C214}.Debug|x86.Build.0 = Debug|Any CPU
		{80A66398-791A-4F0C-B17B-EB658467C214}.Release|Any CPU.ActiveCfg = Release|Any CPU
		{80A66398-791A-4F0C-B17B-EB658467C214}.Release|Any CPU.Build.0 = Release|Any CPU
		{80A66398-791A-4F0C-B17B-EB658467C214}.Release|x64.ActiveCfg = Release|Any CPU
		{80A66398-791A-4F0C-B17B-EB658467C214}.Release|x64.Build.0 = Release|Any CPU
		{80A66398-791A-4F0C-B17B-EB658467C214}.Release|x86.ActiveCfg = Release|Any CPU
		{80A66398-791A-4F0C-B17B-EB658467C214}.Release|x86.Build.0 = Release|Any CPU
		{50BE2A33-807B-4FEE-BAB9-520D72655F4A}.Debug|Any CPU.ActiveCfg = Debug|Any CPU
		{50BE2A33-807B-4FEE-BAB9-520D72655F4A}.Debug|Any CPU.Build.0 = Debug|Any CPU
		{50BE2A33-807B-4FEE-BAB9-520D72655F4A}.Debug|x64.ActiveCfg = Debug|Any CPU
		{50BE2A33-807B-4FEE-BAB9-520D72655F4A}.Debug|x64.Build.0 = Debug|Any CPU
		{50BE2A33-807B-4FEE-BAB9-520D72655F4A}.Debug|x86.ActiveCfg = Debug|Any CPU
		{50BE2A33-807B-4FEE-BAB9-520D72655F4A}.Debug|x86.Build.0 = Debug|Any CPU
		{50BE2A33-807B-4FEE-BAB9-520D72655F4A}.Release|Any CPU.ActiveCfg = Release|Any CPU
		{50BE2A33-807B-4FEE-BAB9-520D72655F4A}.Release|Any CPU.Build.0 = Release|Any CPU
		{50BE2A33-807B-4FEE-BAB9-520D72655F4A}.Release|x64.ActiveCfg = Release|Any CPU
		{50BE2A33-807B-4FEE-BAB9-520D72655F4A}.Release|x64.Build.0 = Release|Any CPU
		{50BE2A33-807B-4FEE-BAB9-520D72655F4A}.Release|x86.ActiveCfg = Release|Any CPU
		{50BE2A33-807B-4FEE-BAB9-520D72655F4A}.Release|x86.Build.0 = Release|Any CPU
		{4FD43E4C-1C79-401F-9E67-A801EBFE230C}.Debug|Any CPU.ActiveCfg = Debug|Any CPU
		{4FD43E4C-1C79-401F-9E67-A801EBFE230C}.Debug|Any CPU.Build.0 = Debug|Any CPU
		{4FD43E4C-1C79-401F-9E67-A801EBFE230C}.Debug|x64.ActiveCfg = Debug|Any CPU
		{4FD43E4C-1C79-401F-9E67-A801EBFE230C}.Debug|x64.Build.0 = Debug|Any CPU
		{4FD43E4C-1C79-401F-9E67-A801EBFE230C}.Debug|x86.ActiveCfg = Debug|Any CPU
		{4FD43E4C-1C79-401F-9E67-A801EBFE230C}.Debug|x86.Build.0 = Debug|Any CPU
		{4FD43E4C-1C79-401F-9E67-A801EBFE230C}.Release|Any CPU.ActiveCfg = Release|Any CPU
		{4FD43E4C-1C79-401F-9E67-A801EBFE230C}.Release|Any CPU.Build.0 = Release|Any CPU
		{4FD43E4C-1C79-401F-9E67-A801EBFE230C}.Release|x64.ActiveCfg = Release|Any CPU
		{4FD43E4C-1C79-401F-9E67-A801EBFE230C}.Release|x64.Build.0 = Release|Any CPU
		{4FD43E4C-1C79-401F-9E67-A801EBFE230C}.Release|x86.ActiveCfg = Release|Any CPU
		{4FD43E4C-1C79-401F-9E67-A801EBFE230C}.Release|x86.Build.0 = Release|Any CPU
		{18456065-7B6D-4904-B92B-F97A6AC61BAA}.Debug|Any CPU.ActiveCfg = Debug|Any CPU
		{18456065-7B6D-4904-B92B-F97A6AC61BAA}.Debug|Any CPU.Build.0 = Debug|Any CPU
		{18456065-7B6D-4904-B92B-F97A6AC61BAA}.Debug|x64.ActiveCfg = Debug|Any CPU
		{18456065-7B6D-4904-B92B-F97A6AC61BAA}.Debug|x64.Build.0 = Debug|Any CPU
		{18456065-7B6D-4904-B92B-F97A6AC61BAA}.Debug|x86.ActiveCfg = Debug|Any CPU
		{18456065-7B6D-4904-B92B-F97A6AC61BAA}.Debug|x86.Build.0 = Debug|Any CPU
		{18456065-7B6D-4904-B92B-F97A6AC61BAA}.Release|Any CPU.ActiveCfg = Release|Any CPU
		{18456065-7B6D-4904-B92B-F97A6AC61BAA}.Release|Any CPU.Build.0 = Release|Any CPU
		{18456065-7B6D-4904-B92B-F97A6AC61BAA}.Release|x64.ActiveCfg = Release|Any CPU
		{18456065-7B6D-4904-B92B-F97A6AC61BAA}.Release|x64.Build.0 = Release|Any CPU
		{18456065-7B6D-4904-B92B-F97A6AC61BAA}.Release|x86.ActiveCfg = Release|Any CPU
		{18456065-7B6D-4904-B92B-F97A6AC61BAA}.Release|x86.Build.0 = Release|Any CPU
	EndGlobalSection
	GlobalSection(SolutionProperties) = preSolution
		HideSolutionNode = FALSE
	EndGlobalSection
EndGlobal
